
Microsoft Visual Studio Solution File, Format Version 12.00
# Visual Studio Version 17
VisualStudioVersion = 17.1.32421.90
MinimumVisualStudioVersion = 10.0.40219.1
Project("{9A19103F-16F7-4668-BE54-9A1E7A4F7556}") = "GildedRose.Main", "GildedRose\GildedRose.Main.csproj", "{6AC13DEE-D68E-401D-B9C1-06C0B4B9E397}"
EndProject
Project("{FAE04EC0-301F-11D3-BF4B-00C04F79EFBC}") = "GildedRose.UnitTest", "GildedRose.UnitTest\GildedRose.UnitTest.csproj", "{383CAB8E-51CE-49A7-AEFF-971184E671AD}"
EndProject
Global
	GlobalSection(SolutionConfigurationPlatforms) = preSolution
		Debug|Any CPU = Debug|Any CPU
		Release|Any CPU = Release|Any CPU
	EndGlobalSection
	GlobalSection(ProjectConfigurationPlatforms) = postSolution
		{6AC13DEE-D68E-401D-B9C1-06C0B4B9E397}.Debug|Any CPU.ActiveCfg = Debug|Any CPU
		{6AC13DEE-D68E-401D-B9C1-06C0B4B9E397}.Debug|Any CPU.Build.0 = Debug|Any CPU
		{6AC13DEE-D68E-401D-B9C1-06C0B4B9E397}.Release|Any CPU.ActiveCfg = Release|Any CPU
		{6AC13DEE-D68E-401D-B9C1-06C0B4B9E397}.Release|Any CPU.Build.0 = Release|Any CPU
		{383CAB8E-51CE-49A7-AEFF-971184E671AD}.Debug|Any CPU.ActiveCfg = Debug|Any CPU
		{383CAB8E-51CE-49A7-AEFF-971184E671AD}.Debug|Any CPU.Build.0 = Debug|Any CPU
		{383CAB8E-51CE-49A7-AEFF-971184E671AD}.Release|Any CPU.ActiveCfg = Release|Any CPU
		{383CAB8E-51CE-49A7-AEFF-971184E671AD}.Release|Any CPU.Build.0 = Release|Any CPU
	EndGlobalSection
	GlobalSection(SolutionProperties) = preSolution
		HideSolutionNode = FALSE
	EndGlobalSection
	GlobalSection(ExtensibilityGlobals) = postSolution
		SolutionGuid = {63F9C17E-FEB1-4BEE-BF34-D8EC41EB2A3D}
	EndGlobalSection
EndGlobal
